// !$*UTF8*$!
{
	archiveVersion = 1;
	classes = {
	};
	objectVersion = 77;
	objects = {

/* Begin PBXBuildFile section */
		87ABA033E40521F76813123F /* Pods_MoneyTracker.framework in Frameworks */ = {isa = PBXBuildFile; fileRef = 74F177E4631CE58141BB6D63 /* Pods_MoneyTracker.framework */; };
/* End PBXBuildFile section */

/* Begin PBXContainerItemProxy section */
		E35F39EF2F4845F4006E9AA5 /* PBXContainerItemProxy */ = {
			isa = PBXContainerItemProxy;
			containerPortal = E35F39D02F4845F2006E9AA5 /* Project object */;
			proxyType = 1;
			remoteGlobalIDString = E35F39D72F4845F2006E9AA5;
			remoteInfo = MoneyTracker;
		};
		E35F39F92F4845F4006E9AA5 /* PBXContainerItemProxy */ = {
			isa = PBXContainerItemProxy;
			containerPortal = E35F39D02F4845F2006E9AA5 /* Project object */;
			proxyType = 1;
			remoteGlobalIDString = E35F39D72F4845F2006E9AA5;
			remoteInfo = MoneyTracker;
		};
/* End PBXContainerItemProxy section */

/* Begin PBXFileReference section */
		0ED1838AB9F9A06B6D3D576E /* Pods-MoneyTracker.release.xcconfig */ = {isa = PBXFileReference; includeInIndex = 1; lastKnownFileType = text.xcconfig; name = "Pods-MoneyTracker.release.xcconfig"; path = "Target Support Files/Pods-MoneyTracker/Pods-MoneyTracker.release.xcconfig"; sourceTree = "<group>"; };
		2100836CB0AC4EA18BDF88D6 /* Pods-MoneyTracker.debug.xcconfig */ = {isa = PBXFileReference; includeInIndex = 1; lastKnownFileType = text.xcconfig; name = "Pods-MoneyTracker.debug.xcconfig"; path = "Target Support Files/Pods-MoneyTracker/Pods-MoneyTracker.debug.xcconfig"; sourceTree = "<group>"; };
		74F177E4631CE58141BB6D63 /* Pods_MoneyTracker.framework */ = {isa = PBXFileReference; explicitFileType = wrapper.framework; includeInIndex = 0; path = Pods_MoneyTracker.framework; sourceTree = BUILT_PRODUCTS_DIR; };
		E35F39D82F4845F2006E9AA5 /* MoneyTracker.app */ = {isa = PBXFileReference; explicitFileType = wrapper.application; includeInIndex = 0; path = MoneyTracker.app; sourceTree = BUILT_PRODUCTS_DIR; };
		E35F39EE2F4845F4006E9AA5 /* MoneyTrackerTests.xctest */ = {isa = PBXFileReference; explicitFileType = wrapper.cfbundle; includeInIndex = 0; path = MoneyTrackerTests.xctest; sourceTree = BUILT_PRODUCTS_DIR; };
		E35F39F82F4845F4006E9AA5 /* MoneyTrackerUITests.xctest */ = {isa = PBXFileReference; explicitFileType = wrapper.cfbundle; includeInIndex = 0; path = MoneyTrackerUITests.xctest; sourceTree = BUILT_PRODUCTS_DIR; };
/* End PBXFileReference section */

/* Begin PBXFileSystemSynchronizedBuildFileExceptionSet section */
		E35F3A002F4845F4006E9AA5 /* Exceptions for "MoneyTracker" folder in "MoneyTracker" target */ = {
			isa = PBXFileSystemSynchronizedBuildFileExceptionSet;
			membershipExceptions = (
				Info.plist,
			);
			target = E35F39D72F4845F2006E9AA5 /* MoneyTracker */;
		};
/* End PBXFileSystemSynchronizedBuildFileExceptionSet section */

/* Begin PBXFileSystemSynchronizedRootGroup section */
		E35F39DA2F4845F2006E9AA5 /* MoneyTracker */ = {
			isa = PBXFileSystemSynchronizedRootGroup;
			exceptions = (
				E35F3A002F4845F4006E9AA5 /* Exceptions for "MoneyTracker" folder in "MoneyTracker" target */,
			);
			path = MoneyTracker;
			sourceTree = "<group>";
		};
		E35F39F12F4845F4006E9AA5 /* MoneyTrackerTests */ = {
			isa = PBXFileSystemSynchronizedRootGroup;
			path = MoneyTrackerTests;
			sourceTree = "<group>";
		};
		E35F39FB2F4845F4006E9AA5 /* MoneyTrackerUITests */ = {
			isa = PBXFileSystemSynchronizedRootGroup;
			path = MoneyTrackerUITests;
			sourceTree = "<group>";
		};
/* End PBXFileSystemSynchronizedRootGroup section */

/* Begin PBXFrameworksBuildPhase section */
		E35F39D52F4845F2006E9AA5 /* Frameworks */ = {
			isa = PBXFrameworksBuildPhase;
			buildActionMask = 2147483647;
			files = (
				87ABA033E40521F76813123F /* Pods_MoneyTracker.framework in Frameworks */,
			);
			runOnlyForDeploymentPostprocessing = 0;
		};
		E35F39EB2F4845F4006E9AA5 /* Frameworks */ = {
			isa = PBXFrameworksBuildPhase;
			buildActionMask = 2147483647;
			files = (
			);
			runOnlyForDeploymentPostprocessing = 0;
		};
		E35F39F52F4845F4006E9AA5 /* Frameworks */ = {
			isa = PBXFrameworksBuildPhase;
			buildActionMask = 2147483647;
			files = (
			);
			runOnlyForDeploymentPostprocessing = 0;
		};
/* End PBXFrameworksBuildPhase section */

/* Begin PBXGroup section */
		1D25D9E0BF869154D5BAE34E /* Frameworks */ = {
			isa = PBXGroup;
			children = (
				74F177E4631CE58141BB6D63 /* Pods_MoneyTracker.framework */,
			);
			name = Frameworks;
			sourceTree = "<group>";
		};
		71FEDACF0E16C448A9DB9226 /* Pods */ = {
			isa = PBXGroup;
			children = (
				2100836CB0AC4EA18BDF88D6 /* Pods-MoneyTracker.debug.xcconfig */,
				0ED1838AB9F9A06B6D3D576E /* Pods-MoneyTracker.release.xcconfig */,
			);
			path = Pods;
			sourceTree = "<group>";
		};
		E35F39CF2F4845F2006E9AA5 = {
			isa = PBXGroup;
			children = (
				E35F39DA2F4845F2006E9AA5 /* MoneyTracker */,
				E35F39F12F4845F4006E9AA5 /* MoneyTrackerTests */,
				E35F39FB2F4845F4006E9AA5 /* MoneyTrackerUITests */,
				E35F39D92F4845F2006E9AA5 /* Products */,
				71FEDACF0E16C448A9DB9226 /* Pods */,
				1D25D9E0BF869154D5BAE34E /* Frameworks */,
			);
			sourceTree = "<group>";
		};
		E35F39D92F4845F2006E9AA5 /* Products */ = {
			isa = PBXGroup;
			children = (
				E35F39D82F4845F2006E9AA5 /* MoneyTracker.app */,
				E35F39EE2F4845F4006E9AA5 /* MoneyTrackerTests.xctest */,
				E35F39F82F4845F4006E9AA5 /* MoneyTrackerUITests.xctest */,
			);
			name = Products;
			sourceTree = "<group>";
		};
/* End PBXGroup section */

/* Begin PBXNativeTarget section */
		E35F39D72F4845F2006E9AA5 /* MoneyTracker */ = {
			isa = PBXNativeTarget;
			buildConfigurationList = E35F3A012F4845F4006E9AA5 /* Build configuration list for PBXNativeTarget "MoneyTracker" */;
			buildPhases = (
				EAB4E0CA4E6760878181B855 /* [CP] Check Pods Manifest.lock */,
				E35F39D42F4845F2006E9AA5 /* Sources */,
				E35F39D52F4845F2006E9AA5 /* Frameworks */,
				E35F39D62F4845F2006E9AA5 /* Resources */,
				9B5B8D8B20E80B8EBA5E5A9F /* [CP] Embed Pods Frameworks */,
			);
			buildRules = (
			);
			dependencies = (
			);
			fileSystemSynchronizedGroups = (
				E35F39DA2F4845F2006E9AA5 /* MoneyTracker */,
			);
			name = MoneyTracker;
			productName = MoneyTracker;
			productReference = E35F39D82F4845F2006E9AA5 /* MoneyTracker.app */;
			productType = "com.apple.product-type.application";
		};
		E35F39ED2F4845F4006E9AA5 /* MoneyTrackerTests */ = {
			isa = PBXNativeTarget;
			buildConfigurationList = E35F3A062F4845F4006E9AA5 /* Build configuration list for PBXNativeTarget "MoneyTrackerTests" */;
			buildPhases = (
				E35F39EA2F4845F4006E9AA5 /* Sources */,
				E35F39EB2F4845F4006E9AA5 /* Frameworks */,
				E35F39EC2F4845F4006E9AA5 /* Resources */,
			);
			buildRules = (
			);
			dependencies = (
				E35F39F02F4845F4006E9AA5 /* PBXTargetDependency */,
			);
			fileSystemSynchronizedGroups = (
				E35F39F12F4845F4006E9AA5 /* MoneyTrackerTests */,
			);
			name = MoneyTrackerTests;
			productName = MoneyTrackerTests;
			productReference = E35F39EE2F4845F4006E9AA5 /* MoneyTrackerTests.xctest */;
			productType = "com.apple.product-type.bundle.unit-test";
		};
		E35F39F72F4845F4006E9AA5 /* MoneyTrackerUITests */ = {
			isa = PBXNativeTarget;
			buildConfigurationList = E35F3A092F4845F4006E9AA5 /* Build configuration list for PBXNativeTarget "MoneyTrackerUITests" */;
			buildPhases = (
				E35F39F42F4845F4006E9AA5 /* Sources */,
				E35F39F52F4845F4006E9AA5 /* Frameworks */,
				E35F39F62F4845F4006E9AA5 /* Resources */,
			);
			buildRules = (
			);
			dependencies = (
				E35F39FA2F4845F4006E9AA5 /* PBXTargetDependency */,
			);
			fileSystemSynchronizedGroups = (
				E35F39FB2F4845F4006E9AA5 /* MoneyTrackerUITests */,
			);
			name = MoneyTrackerUITests;
			productName = MoneyTrackerUITests;
			productReference = E35F39F82F4845F4006E9AA5 /* MoneyTrackerUITests.xctest */;
			productType = "com.apple.product-type.bundle.ui-testing";
		};
/* End PBXNativeTarget section */

/* Begin PBXProject section */
		E35F39D02F4845F2006E9AA5 /* Project object */ = {
			isa = PBXProject;
			attributes = {
				BuildIndependentTargetsInParallel = 1;
				LastSwiftUpdateCheck = 1620;
				LastUpgradeCheck = 1620;
				TargetAttributes = {
					E35F39D72F4845F2006E9AA5 = {
						CreatedOnToolsVersion = 16.2;
					};
					E35F39ED2F4845F4006E9AA5 = {
						CreatedOnToolsVersion = 16.2;
						TestTargetID = E35F39D72F4845F2006E9AA5;
					};
					E35F39F72F4845F4006E9AA5 = {
						CreatedOnToolsVersion = 16.2;
						TestTargetID = E35F39D72F4845F2006E9AA5;
					};
				};
			};
			buildConfigurationList = E35F39D32F4845F2006E9AA5 /* Build configuration list for PBXProject "MoneyTracker" */;
			developmentRegion = en;
			hasScannedForEncodings = 0;
			knownRegions = (
				en,
				Base,
			);
			mainGroup = E35F39CF2F4845F2006E9AA5;
			minimizedProjectReferenceProxies = 1;
			preferredProjectObjectVersion = 77;
			productRefGroup = E35F39D92F4845F2006E9AA5 /* Products */;
			projectDirPath = "";
			projectRoot = "";
			targets = (
				E35F39D72F4845F2006E9AA5 /* MoneyTracker */,
				E35F39ED2F4845F4006E9AA5 /* MoneyTrackerTests */,
				E35F39F72F4845F4006E9AA5 /* MoneyTrackerUITests */,
			);
		};
/* End PBXProject section */

/* Begin PBXResourcesBuildPhase section */
		E35F39D62F4845F2006E9AA5 /* Resources */ = {
			isa = PBXResourcesBuildPhase;
			buildActionMask = 2147483647;
			files = (
			);
			runOnlyForDeploymentPostprocessing = 0;
		};
		E35F39EC2F4845F4006E9AA5 /* Resources */ = {
			isa = PBXResourcesBuildPhase;
			buildActionMask = 2147483647;
			files = (
			);
			runOnlyForDeploymentPostprocessing = 0;
		};
		E35F39F62F4845F4006E9AA5 /* Resources */ = {
			isa = PBXResourcesBuildPhase;
			buildActionMask = 2147483647;
			files = (
			);
			runOnlyForDeploymentPostprocessing = 0;
		};
/* End PBXResourcesBuildPhase section */

/* Begin PBXShellScriptBuildPhase section */
		9B5B8D8B20E80B8EBA5E5A9F /* [CP] Embed Pods Frameworks */ = {
			isa = PBXShellScriptBuildPhase;
			buildActionMask = 2147483647;
			files = (
			);
			inputFileListPaths = (
				"${PODS_ROOT}/Target Support Files/Pods-MoneyTracker/Pods-MoneyTracker-frameworks-${CONFIGURATION}-input-files.xcfilelist",
			);
			name = "[CP] Embed Pods Frameworks";
			outputFileListPaths = (
				"${PODS_ROOT}/Target Support Files/Pods-MoneyTracker/Pods-MoneyTracker-frameworks-${CONFIGURATION}-output-files.xcfilelist",
			);
			runOnlyForDeploymentPostprocessing = 0;
			shellPath = /bin/sh;
			shellScript = "\"${PODS_ROOT}/Target Support Files/Pods-MoneyTracker/Pods-MoneyTracker-frameworks.sh\"\n";
			showEnvVarsInLog = 0;
		};
		EAB4E0CA4E6760878181B855 /* [CP] Check Pods Manifest.lock */ = {
			isa = PBXShellScriptBuildPhase;
			buildActionMask = 2147483647;
			files = (
			);
			inputFileListPaths = (
			);
			inputPaths = (
				"${PODS_PODFILE_DIR_PATH}/Podfile.lock",
				"${PODS_ROOT}/Manifest.lock",
			);
			name = "[CP] Check Pods Manifest.lock";
			outputFileListPaths = (
			);
			outputPaths = (
				"$(DERIVED_FILE_DIR)/Pods-MoneyTracker-checkManifestLockResult.txt",
			);
			runOnlyForDeploymentPostprocessing = 0;
			shellPath = /bin/sh;
			shellScript = "diff \"${PODS_PODFILE_DIR_PATH}/Podfile.lock\" \"${PODS_ROOT}/Manifest.lock\" > /dev/null\nif [ $? != 0 ] ; then\n    # print error to STDERR\n    echo \"error: The sandbox is not in sync with the Podfile.lock. Run 'pod install' or update your CocoaPods installation.\" >&2\n    exit 1\nfi\n# This output is used by Xcode 'outputs' to avoid re-running this script phase.\necho \"SUCCESS\" > \"${SCRIPT_OUTPUT_FILE_0}\"\n";
			showEnvVarsInLog = 0;
		};
/* End PBXShellScriptBuildPhase section */

/* Begin PBXSourcesBuildPhase section */
		E35F39D42F4845F2006E9AA5 /* Sources */ = {
			isa = PBXSourcesBuildPhase;
			buildActionMask = 2147483647;
			files = (
			);
			runOnlyForDeploymentPostprocessing = 0;
		};
		E35F39EA2F4845F4006E9AA5 /* Sources */ = {
			isa = PBXSourcesBuildPhase;
			buildActionMask = 2147483647;
			files = (
			);
			runOnlyForDeploymentPostprocessing = 0;
		};
		E35F39F42F4845F4006E9AA5 /* Sources */ = {
			isa = PBXSourcesBuildPhase;
			buildActionMask = 2147483647;
			files = (
			);
			runOnlyForDeploymentPostprocessing = 0;
		};
/* End PBXSourcesBuildPhase section */

/* Begin PBXTargetDependency section */
		E35F39F02F4845F4006E9AA5 /* PBXTargetDependency */ = {
			isa = PBXTargetDependency;
			target = E35F39D72F4845F2006E9AA5 /* MoneyTracker */;
			targetProxy = E35F39EF2F4845F4006E9AA5 /* PBXContainerItemProxy */;
		};
		E35F39FA2F4845F4006E9AA5 /* PBXTargetDependency */ = {
			isa = PBXTargetDependency;
			target = E35F39D72F4845F2006E9AA5 /* MoneyTracker */;
			targetProxy = E35F39F92F4845F4006E9AA5 /* PBXContainerItemProxy */;
		};
/* End PBXTargetDependency section */

/* Begin XCBuildConfiguration section */
		E35F3A022F4845F4006E9AA5 /* Debug */ = {
			isa = XCBuildConfiguration;
			baseConfigurationReference = 2100836CB0AC4EA18BDF88D6 /* Pods-MoneyTracker.debug.xcconfig */;
			buildSettings = {
				ASSETCATALOG_COMPILER_APPICON_NAME = AppIcon;
				ASSETCATALOG_COMPILER_GLOBAL_ACCENT_COLOR_NAME = AccentColor;
				CODE_SIGN_STYLE = Automatic;
				CURRENT_PROJECT_VERSION = 1;
				DEVELOPMENT_TEAM = F36DBP2H22;
				GENERATE_INFOPLIST_FILE = YES;
				INFOPLIST_FILE = MoneyTracker/Info.plist;
				INFOPLIST_KEY_UIApplicationSupportsIndirectInputEvents = YES;
				INFOPLIST_KEY_UILaunchStoryboardName = LaunchScreen;
				INFOPLIST_KEY_UIMainStoryboardFile = Main;
				INFOPLIST_KEY_UISupportedInterfaceOrientations_iPad = "UIInterfaceOrientationPortrait UIInterfaceOrientationPortraitUpsideDown UIInterfaceOrientationLandscapeLeft UIInterfaceOrientationLandscapeRight";
				INFOPLIST_KEY_UISupportedInterfaceOrientations_iPhone = "UIInterfaceOrientationPortrait UIInterfaceOrientationLandscapeLeft UIInterfaceOrientationLandscapeRight";
				IPHONEOS_DEPLOYMENT_TARGET = 13.0;
				LD_RUNPATH_SEARCH_PATHS = (
					"$(inherited)",
					"@executable_path/Frameworks",
				);
				MARKETING_VERSION = 1.0;
				PRODUCT_BUNDLE_IDENTIFIER = com.tvbc.maiduiduidev;
				PRODUCT_NAME = "$(TARGET_NAME)";
				SWIFT_EMIT_LOC_STRINGS = YES;
				SWIFT_VERSION = 5.0;
				TARGETED_DEVICE_FAMILY = "1,2";
			};
			name = Debug;
		};
		E35F3A032F4845F4006E9AA5 /* Release */ = {
			isa = XCBuildConfiguration;
			baseConfigurationReference = 0ED1838AB9F9A06B6D3D576E /* Pods-MoneyTracker.release.xcconfig */;
			buildSettings = {
				ASSETCATALOG_COMPILER_APPICON_NAME = AppIcon;
				ASSETCATALOG_COMPILER_GLOBAL_ACCENT_COLOR_NAME = AccentColor;
				CODE_SIGN_STYLE = Automatic;
				CURRENT_PROJECT_VERSION = 1;
				DEVELOPMENT_TEAM = F36DBP2H22;
				GENERATE_INFOPLIST_FILE = YES;
				INFOPLIST_FILE = MoneyTracker/Info.plist;
				INFOPLIST_KEY_UIApplicationSupportsIndirectInputEvents = YES;
				INFOPLIST_KEY_UILaunchStoryboardName = LaunchScreen;
				INFOPLIST_KEY_UIMainStoryboardFile = Main;
				INFOPLIST_KEY_UISupportedInterfaceOrientations_iPad = "UIInterfaceOrientationPortrait UIInterfaceOrientationPortraitUpsideDown UIInterfaceOrientationLandscapeLeft UIInterfaceOrientationLandscapeRight";
				INFOPLIST_KEY_UISupportedInterfaceOrientations_iPhone = "UIInterfaceOrientationPortrait UIInterfaceOrientationLandscapeLeft UIInterfaceOrientationLandscapeRight";
				IPHONEOS_DEPLOYMENT_TARGET = 13.0;
				LD_RUNPATH_SEARCH_PATHS = (
					"$(inherited)",
					"@executable_path/Frameworks",
				);
				MARKETING_VERSION = 1.0;
				PRODUCT_BUNDLE_IDENTIFIER = com.tvbc.maiduiduidev;
				PRODUCT_NAME = "$(TARGET_NAME)";
				SWIFT_EMIT_LOC_STRINGS = YES;
				SWIFT_VERSION = 5.0;
				TARGETED_DEVICE_FAMILY = "1,2";
			};
			name = Release;
		};
		E35F3A042F4845F4006E9AA5 /* Debug */ = {
			isa = XCBuildConfiguration;
			buildSettings = {
				ALWAYS_SEARCH_USER_PATHS = NO;
				ASSETCATALOG_COMPILER_GENERATE_SWIFT_ASSET_SYMBOL_EXTENSIONS = YES;
				CLANG_ANALYZER_NONNULL = YES;
				CLANG_ANALYZER_NUMBER_OBJECT_CONVERSION = YES_AGGRESSIVE;
				CLANG_CXX_LANGUAGE_STANDARD = "gnu++20";
				CLANG_ENABLE_MODULES = YES;
				CLANG_ENABLE_OBJC_ARC = YES;
				CLANG_ENABLE_OBJC_WEAK = YES;
				CLANG_WARN_BLOCK_CAPTURE_AUTORELEASING = YES;
				CLANG_WARN_BOOL_CONVERSION = YES;
				CLANG_WARN_COMMA = YES;
				CLANG_WARN_CONSTANT_CONVERSION = YES;
				CLANG_WARN_DEPRECATED_OBJC_IMPLEMENTATIONS = YES;
				CLANG_WARN_DIRECT_OBJC_ISA_USAGE = YES_ERROR;
				CLANG_WARN_DOCUMENTATION_COMMENTS = YES;
				CLANG_WARN_EMPTY_BODY = YES;
				CLANG_WARN_ENUM_CONVERSION = YES;
				CLANG_WARN_INFINITE_RECURSION = YES;
				CLANG_WARN_INT_CONVERSION = YES;
				CLANG_WARN_NON_LITERAL_NULL_CONVERSION = YES;
				CLANG_WARN_OBJC_IMPLICIT_RETAIN_SELF = YES;
				CLANG_WARN_OBJC_LITERAL_CONVERSION = YES;
				CLANG_WARN_OBJC_ROOT_CLASS = YES_ERROR;
				CLANG_WARN_QUOTED_INCLUDE_IN_FRAMEWORK_HEADER = YES;
				CLANG_WARN_RANGE_LOOP_ANALYSIS = YES;
				CLANG_WARN_STRICT_PROTOTYPES = YES;
				CLANG_WARN_SUSPICIOUS_MOVE = YES;
				CLANG_WARN_UNGUARDED_AVAILABILITY = YES_AGGRESSIVE;
				CLANG_WARN_UNREACHABLE_CODE = YES;
				CLANG_WARN__DUPLICATE_METHOD_MATCH = YES;
				COPY_PHASE_STRIP = NO;
				DEBUG_INFORMATION_FORMAT = dwarf;
				ENABLE_STRICT_OBJC_MSGSEND = YES;
				ENABLE_TESTABILITY = YES;
				ENABLE_USER_SCRIPT_SANDBOXING = YES;
				GCC_C_LANGUAGE_STANDARD = gnu17;
				GCC_DYNAMIC_NO_PIC = NO;
				GCC_NO_COMMON_BLOCKS = YES;
				GCC_OPTIMIZATION_LEVEL = 0;
				GCC_PREPROCESSOR_DEFINITIONS = (
					"DEBUG=1",
					"$(inherited)",
				);
				GCC_WARN_64_TO_32_BIT_CONVERSION = YES;
				GCC_WARN_ABOUT_RETURN_TYPE = YES_ERROR;
				GCC_WARN_UNDECLARED_SELECTOR = YES;
				GCC_WARN_UNINITIALIZED_AUTOS = YES_AGGRESSIVE;
				GCC_WARN_UNUSED_FUNCTION = YES;
				GCC_WARN_UNUSED_VARIABLE = YES;
				IPHONEOS_DEPLOYMENT_TARGET = 18.2;
				LOCALIZATION_PREFERS_STRING_CATALOGS = YES;
				MTL_ENABLE_DEBUG_INFO = INCLUDE_SOURCE;
				MTL_FAST_MATH = YES;
				ONLY_ACTIVE_ARCH = YES;
				SDKROOT = iphoneos;
				SWIFT_ACTIVE_COMPILATION_CONDITIONS = "DEBUG $(inherited)";
				SWIFT_OPTIMIZATION_LEVEL = "-Onone";
			};
			name = Debug;
		};
		E35F3A052F4845F4006E9AA5 /* Release */ = {
			isa = XCBuildConfiguration;
			buildSettings = {
				ALWAYS_SEARCH_USER_PATHS = NO;
				ASSETCATALOG_COMPILER_GENERATE_SWIFT_ASSET_SYMBOL_EXTENSIONS = YES;
				CLANG_ANALYZER_NONNULL = YES;
				CLANG_ANALYZER_NUMBER_OBJECT_CONVERSION = YES_AGGRESSIVE;
				CLANG_CXX_LANGUAGE_STANDARD = "gnu++20";
				CLANG_ENABLE_MODULES = YES;
				CLANG_ENABLE_OBJC_ARC = YES;
				CLANG_ENABLE_OBJC_WEAK = YES;
				CLANG_WARN_BLOCK_CAPTURE_AUTORELEASING = YES;
				CLANG_WARN_BOOL_CONVERSION = YES;
				CLANG_WARN_COMMA = YES;
				CLANG_WARN_CONSTANT_CONVERSION = YES;
				CLANG_WARN_DEPRECATED_OBJC_IMPLEMENTATIONS = YES;
				CLANG_WARN_DIRECT_OBJC_ISA_USAGE = YES_ERROR;
				CLANG_WARN_DOCUMENTATION_COMMENTS = YES;
				CLANG_WARN_EMPTY_BODY = YES;
				CLANG_WARN_ENUM_CONVERSION = YES;
				CLANG_WARN_INFINITE_RECURSION = YES;
				CLANG_WARN_INT_CONVERSION = YES;
				CLANG_WARN_NON_LITERAL_NULL_CONVERSION = YES;
				CLANG_WARN_OBJC_IMPLICIT_RETAIN_SELF = YES;
				CLANG_WARN_OBJC_LITERAL_CONVERSION = YES;
				CLANG_WARN_OBJC_ROOT_CLASS = YES_ERROR;
				CLANG_WARN_QUOTED_INCLUDE_IN_FRAMEWORK_HEADER = YES;
				CLANG_WARN_RANGE_LOOP_ANALYSIS = YES;
				CLANG_WARN_STRICT_PROTOTYPES = YES;
				CLANG_WARN_SUSPICIOUS_MOVE = YES;
				CLANG_WARN_UNGUARDED_AVAILABILITY = YES_AGGRESSIVE;
				CLANG_WARN_UNREACHABLE_CODE = YES;
				CLANG_WARN__DUPLICATE_METHOD_MATCH = YES;
				COPY_PHASE_STRIP = NO;
				DEBUG_INFORMATION_FORMAT = "dwarf-with-dsym";
				ENABLE_NS_ASSERTIONS = NO;
				ENABLE_STRICT_OBJC_MSGSEND = YES;
				ENABLE_USER_SCRIPT_SANDBOXING = YES;
				GCC_C_LANGUAGE_STANDARD = gnu17;
				GCC_NO_COMMON_BLOCKS = YES;
				GCC_WARN_64_TO_32_BIT_CONVERSION = YES;
				GCC_WARN_ABOUT_RETURN_TYPE = YES_ERROR;
				GCC_WARN_UNDECLARED_SELECTOR = YES;
				GCC_WARN_UNINITIALIZED_AUTOS = YES_AGGRESSIVE;
				GCC_WARN_UNUSED_FUNCTION = YES;
				GCC_WARN_UNUSED_VARIABLE = YES;
				IPHONEOS_DEPLOYMENT_TARGET = 18.2;
				LOCALIZATION_PREFERS_STRING_CATALOGS = YES;
				MTL_ENABLE_DEBUG_INFO = NO;
				MTL_FAST_MATH = YES;
				SDKROOT = iphoneos;
				SWIFT_COMPILATION_MODE = wholemodule;
				VALIDATE_PRODUCT = YES;
			};
			name = Release;
		};
		E35F3A072F4845F4006E9AA5 /* Debug */ = {
			isa = XCBuildConfiguration;
			buildSettings = {
				BUNDLE_LOADER = "$(TEST_HOST)";
				CODE_SIGN_STYLE = Automatic;
				CURRENT_PROJECT_VERSION = 1;
				DEVELOPMENT_TEAM = F36DBP2H22;
				GENERATE_INFOPLIST_FILE = YES;
				IPHONEOS_DEPLOYMENT_TARGET = 18.2;
				MARKETING_VERSION = 1.0;
				PRODUCT_BUNDLE_IDENTIFIER = com.tvbc.maiduiduidev.MoneyTrackerTests;
				PRODUCT_NAME = "$(TARGET_NAME)";
				SWIFT_EMIT_LOC_STRINGS = NO;
				SWIFT_VERSION = 5.0;
				TARGETED_DEVICE_FAMILY = "1,2";
				TEST_HOST = "$(BUILT_PRODUCTS_DIR)/MoneyTracker.app/$(BUNDLE_EXECUTABLE_FOLDER_PATH)/MoneyTracker";
			};
			name = Debug;
		};
		E35F3A082F4845F4006E9AA5 /* Release */ = {
			isa = XCBuildConfiguration;
			buildSettings = {
				BUNDLE_LOADER = "$(TEST_HOST)";
				CODE_SIGN_STYLE = Automatic;
				CURRENT_PROJECT_VERSION = 1;
				DEVELOPMENT_TEAM = F36DBP2H22;
				GENERATE_INFOPLIST_FILE = YES;
				IPHONEOS_DEPLOYMENT_TARGET = 18.2;
				MARKETING_VERSION = 1.0;
				PRODUCT_BUNDLE_IDENTIFIER = com.tvbc.maiduiduidev.MoneyTrackerTests;
				PRODUCT_NAME = "$(TARGET_NAME)";
				SWIFT_EMIT_LOC_STRINGS = NO;
				SWIFT_VERSION = 5.0;
				TARGETED_DEVICE_FAMILY = "1,2";
				TEST_HOST = "$(BUILT_PRODUCTS_DIR)/MoneyTracker.app/$(BUNDLE_EXECUTABLE_FOLDER_PATH)/MoneyTracker";
			};
			name = Release;
		};
		E35F3A0A2F4845F4006E9AA5 /* Debug */ = {
			isa = XCBuildConfiguration;
			buildSettings = {
				CODE_SIGN_STYLE = Automatic;
				CURRENT_PROJECT_VERSION = 1;
				DEVELOPMENT_TEAM = F36DBP2H22;
				GENERATE_INFOPLIST_FILE = YES;
				MARKETING_VERSION = 1.0;
				PRODUCT_BUNDLE_IDENTIFIER = com.tvbc.maiduiduidev.MoneyTrackerUITests;
				PRODUCT_NAME = "$(TARGET_NAME)";
				SWIFT_EMIT_LOC_STRINGS = NO;
				SWIFT_VERSION = 5.0;
				TARGETED_DEVICE_FAMILY = "1,2";
				TEST_TARGET_NAME = MoneyTracker;
			};
			name = Debug;
		};
		E35F3A0B2F4845F4006E9AA5 /* Release */ = {
			isa = XCBuildConfiguration;
			buildSettings = {
				CODE_SIGN_STYLE = Automatic;
				CURRENT_PROJECT_VERSION = 1;
				DEVELOPMENT_TEAM = F36DBP2H22;
				GENERATE_INFOPLIST_FILE = YES;
				MARKETING_VERSION = 1.0;
				PRODUCT_BUNDLE_IDENTIFIER = com.tvbc.maiduiduidev.MoneyTrackerUITests;
				PRODUCT_NAME = "$(TARGET_NAME)";
				SWIFT_EMIT_LOC_STRINGS = NO;
				SWIFT_VERSION = 5.0;
				TARGETED_DEVICE_FAMILY = "1,2";
				TEST_TARGET_NAME = MoneyTracker;
			};
			name = Release;
		};
/* End XCBuildConfiguration section */

/* Begin XCConfigurationList section */
		E35F39D32F4845F2006E9AA5 /* Build configuration list for PBXProject "MoneyTracker" */ = {
			isa = XCConfigurationList;
			buildConfigurations = (
				E35F3A042F4845F4006E9AA5 /* Debug */,
				E35F3A052F4845F4006E9AA5 /* Release */,
			);
			defaultConfigurationIsVisible = 0;
			defaultConfigurationName = Release;
		};
		E35F3A012F4845F4006E9AA5 /* Build configuration list for PBXNativeTarget "MoneyTracker" */ = {
			isa = XCConfigurationList;
			buildConfigurations = (
				E35F3A022F4845F4006E9AA5 /* Debug */,
				E35F3A032F4845F4006E9AA5 /* Release */,
			);
			defaultConfigurationIsVisible = 0;
			defaultConfigurationName = Release;
		};
		E35F3A062F4845F4006E9AA5 /* Build configuration list for PBXNativeTarget "MoneyTrackerTests" */ = {
			isa = XCConfigurationList;
			buildConfigurations = (
				E35F3A072F4845F4006E9AA5 /* Debug */,
				E35F3A082F4845F4006E9AA5 /* Release */,
			);
			defaultConfigurationIsVisible = 0;
			defaultConfigurationName = Release;
		};
		E35F3A092F4845F4006E9AA5 /* Build configuration list for PBXNativeTarget "MoneyTrackerUITests" */ = {
			isa = XCConfigurationList;
			buildConfigurations = (
				E35F3A0A2F4845F4006E9AA5 /* Debug */,
				E35F3A0B2F4845F4006E9AA5 /* Release */,
			);
			defaultConfigurationIsVisible = 0;
			defaultConfigurationName = Release;
		};
/* End XCConfigurationList section */
	};
	rootObject = E35F39D02F4845F2006E9AA5 /* Project object */;
}
